
Microsoft Visual Studio Solution File, Format Version 12.00
# Visual Studio Version 17
VisualStudioVersion = 17.11.35312.102
MinimumVisualStudioVersion = 10.0.40219.1
Project("{8BC9CEB8-8B4A-11D0-8D11-00A0C91BC942}") = "Program", "Program.vcxproj", "{A3860F5E-EAAC-452B-A1F1-BA3686960CFC}"
EndProject
Project("{8BC9CEB8-8B4A-11D0-8D11-00A0C91BC942}") = "Class1th (Stream)", "..\Class1th (Stream)\Class1th (Stream).vcxproj", "{4281B8C2-D65B-4149-A928-C97DE24DC726}"
EndProject
Project("{8BC9CEB8-8B4A-11D0-8D11-00A0C91BC942}") = "Class2th (Class)", "..\Class2th (Class)\Class2th (Class).vcxproj", "{88ADA784-07FB-4047-AAB7-5634EC765002}"
EndProject
Project("{8BC9CEB8-8B4A-11D0-8D11-00A0C91BC942}") = "Class3th (Constructor & Destructor)", "..\Class3th (Constructor & Destructor)\Class3th (Constructor & Destructor).vcxproj", "{55A4F2A0-5C74-4992-BDEA-CD61464AC6AE}"
EndProject
Project("{8BC9CEB8-8B4A-11D0-8D11-00A0C91BC942}") = "Class4th (Shallow Copy & Deep Copy)", "..\Class4th (Shallow Copy & Deep Copy)\Class4th (Shallow Copy & Deep Copy).vcxproj", "{DBE579CE-3EA5-42D6-B177-FB28DDFFE6F2}"
EndProject
Project("{8BC9CEB8-8B4A-11D0-8D11-00A0C91BC942}") = "Class5th (inheritance)", "..\Class5th (inheritance)\Class5th (inheritance).vcxproj", "{646FA677-6E53-472B-AD90-32B6AFB819B4}"
EndProject
Project("{8BC9CEB8-8B4A-11D0-8D11-00A0C91BC942}") = "Class6th (Polymorphism)", "..\Class6th (Polymorphism)\Class6th (Polymorphism).vcxproj", "{51BD2F52-23F0-4BF1-AD01-5FDBB13C9D18}"
EndProject
Global
	GlobalSection(SolutionConfigurationPlatforms) = preSolution
		Debug|x64 = Debug|x64
		Debug|x86 = Debug|x86
		Release|x64 = Release|x64
		Release|x86 = Release|x86
	EndGlobalSection
	GlobalSection(ProjectConfigurationPlatforms) = postSolution
		{A3860F5E-EAAC-452B-A1F1-BA3686960CFC}.Debug|x64.ActiveCfg = Debug|x64
		{A3860F5E-EAAC-452B-A1F1-BA3686960CFC}.Debug|x64.Build.0 = Debug|x64
		{A3860F5E-EAAC-452B-A1F1-BA3686960CFC}.Debug|x86.ActiveCfg = Debug|Win32
		{A3860F5E-EAAC-452B-A1F1-BA3686960CFC}.Debug|x86.Build.0 = Debug|Win32
		{A3860F5E-EAAC-452B-A1F1-BA3686960CFC}.Release|x64.ActiveCfg = Release|x64
		{A3860F5E-EAAC-452B-A1F1-BA3686960CFC}.Release|x64.Build.0 = Release|x64
		{A3860F5E-EAAC-452B-A1F1-BA3686960CFC}.Release|x86.ActiveCfg = Release|Win32
		{A3860F5E-EAAC-452B-A1F1-BA3686960CFC}.Release|x86.Build.0 = Release|Win32
		{4281B8C2-D65B-4149-A928-C97DE24DC726}.Debug|x64.ActiveCfg = Debug|x64
		{4281B8C2-D65B-4149-A928-C97DE24DC726}.Debug|x64.Build.0 = Debug|x64
		{4281B8C2-D65B-4149-A928-C97DE24DC726}.Debug|x86.ActiveCfg = Debug|Win32
		{4281B8C2-D65B-4149-A928-C97DE24DC726}.Debug|x86.Build.0 = Debug|Win32
		{4281B8C2-D65B-4149-A928-C97DE24DC726}.Release|x64.ActiveCfg = Release|x64
		{4281B8C2-D65B-4149-A928-C97DE24DC726}.Release|x64.Build.0 = Release|x64
		{4281B8C2-D65B-4149-A928-C97DE24DC726}.Release|x86.ActiveCfg = Release|Win32
		{4281B8C2-D65B-4149-A928-C97DE24DC726}.Release|x86.Build.0 = Release|Win32
		{88ADA784-07FB-4047-AAB7-5634EC765002}.Debug|x64.ActiveCfg = Debug|x64
		{88ADA784-07FB-4047-AAB7-5634EC765002}.Debug|x64.Build.0 = Debug|x64
		{88ADA784-07FB-4047-AAB7-5634EC765002}.Debug|x86.ActiveCfg = Debug|Win32
		{88ADA784-07FB-4047-AAB7-5634EC765002}.Debug|x86.Build.0 = Debug|Win32
		{88ADA784-07FB-4047-AAB7-5634EC765002}.Release|x64.ActiveCfg = Release|x64
		{88ADA784-07FB-4047-AAB7-5634EC765002}.Release|x64.Build.0 = Release|x64
		{88ADA784-07FB-4047-AAB7-5634EC765002}.Release|x86.ActiveCfg = Release|Win32
		{88ADA784-07FB-4047-AAB7-5634EC765002}.Release|x86.Build.0 = Release|Win32
		{55A4F2A0-5C74-4992-BDEA-CD61464AC6AE}.Debug|x64.ActiveCfg = Debug|x64
		{55A4F2A0-5C74-4992-BDEA-CD61464AC6AE}.Debug|x64.Build.0 = Debug|x64
		{55A4F2A0-5C74-4992-BDEA-CD61464AC6AE}.Debug|x86.ActiveCfg = Debug|Win32
		{55A4F2A0-5C74-4992-BDEA-CD61464AC6AE}.Debug|x86.Build.0 = Debug|Win32
		{55A4F2A0-5C74-4992-BDEA-CD61464AC6AE}.Release|x64.ActiveCfg = Release|x64
		{55A4F2A0-5C74-4992-BDEA-CD61464AC6AE}.Release|x64.Build.0 = Release|x64
		{55A4F2A0-5C74-4992-BDEA-CD61464AC6AE}.Release|x86.ActiveCfg = Release|Win32
		{55A4F2A0-5C74-4992-BDEA-CD61464AC6AE}.Release|x86.Build.0 = Release|Win32
		{DBE579CE-3EA5-42D6-B177-FB28DDFFE6F2}.Debug|x64.ActiveCfg = Debug|x64
		{DBE579CE-3EA5-42D6-B177-FB28DDFFE6F2}.Debug|x64.Build.0 = Debug|x64
		{DBE579CE-3EA5-42D6-B177-FB28DDFFE6F2}.Debug|x86.ActiveCfg = Debug|Win32
		{DBE579CE-3EA5-42D6-B177-FB28DDFFE6F2}.Debug|x86.Build.0 = Debug|Win32
		{DBE579CE-3EA5-42D6-B177-FB28DDFFE6F2}.Release|x64.ActiveCfg = Release|x64
		{DBE579CE-3EA5-42D6-B177-FB28DDFFE6F2}.Release|x64.Build.0 = Release|x64
		{DBE579CE-3EA5-42D6-B177-FB28DDFFE6F2}.Release|x86.ActiveCfg = Release|Win32
		{DBE579CE-3EA5-42D6-B177-FB28DDFFE6F2}.Release|x86.Build.0 = Release|Win32
		{646FA677-6E53-472B-AD90-32B6AFB819B4}.Debug|x64.ActiveCfg = Debug|x64
		{646FA677-6E53-472B-AD90-32B6AFB819B4}.Debug|x64.Build.0 = Debug|x64
		{646FA677-6E53-472B-AD90-32B6AFB819B4}.Debug|x86.ActiveCfg = Debug|Win32
		{646FA677-6E53-472B-AD90-32B6AFB819B4}.Debug|x86.Build.0 = Debug|Win32
		{646FA677-6E53-472B-AD90-32B6AFB819B4}.Release|x64.ActiveCfg = Release|x64
		{646FA677-6E53-472B-AD90-32B6AFB819B4}.Release|x64.Build.0 = Release|x64
		{646FA677-6E53-472B-AD90-32B6AFB819B4}.Release|x86.ActiveCfg = Release|Win32
		{646FA677-6E53-472B-AD90-32B6AFB819B4}.Release|x86.Build.0 = Release|Win32
		{51BD2F52-23F0-4BF1-AD01-5FDBB13C9D18}.Debug|x64.ActiveCfg = Debug|x64
		{51BD2F52-23F0-4BF1-AD01-5FDBB13C9D18}.Debug|x64.Build.0 = Debug|x64
		{51BD2F52-23F0-4BF1-AD01-5FDBB13C9D18}.Debug|x86.ActiveCfg = Debug|Win32
		{51BD2F52-23F0-4BF1-AD01-5FDBB13C9D18}.Debug|x86.Build.0 = Debug|Win32
		{51BD2F52-23F0-4BF1-AD01-5FDBB13C9D18}.Release|x64.ActiveCfg = Release|x64
		{51BD2F52-23F0-4BF1-AD01-5FDBB13C9D18}.Release|x64.Build.0 = Release|x64
		{51BD2F52-23F0-4BF1-AD01-5FDBB13C9D18}.Release|x86.ActiveCfg = Release|Win32
		{51BD2F52-23F0-4BF1-AD01-5FDBB13C9D18}.Release|x86.Build.0 = Release|Win32
	EndGlobalSection
	GlobalSection(SolutionProperties) = preSolution
		HideSolutionNode = FALSE
	EndGlobalSection
	GlobalSection(ExtensibilityGlobals) = postSolution
		SolutionGuid = {D27B7AE0-485B-4695-BC14-E81C4481536F}
	EndGlobalSection
EndGlobal
